
Microsoft Visual Studio Solution File, Format Version 12.00
# Visual Studio Version 17
VisualStudioVersion = 17.12.35521.163 d17.12
MinimumVisualStudioVersion = 10.0.40219.1
Project("{FAE04EC0-301F-11D3-BF4B-00C04F79EFBC}") = "Webstore.Server", "Webstore.Server\Webstore.Server.csproj", "{367DD2E0-34E9-420E-A566-89103E349A02}"
EndProject
Project("{54A90642-561A-4BB1-A94E-469ADEE60C69}") = "webstore.client", "webstore.client\webstore.client.esproj", "{79190E95-79B0-4F7B-85DC-0E73C7A20588}"
EndProject
Global
	GlobalSection(SolutionConfigurationPlatforms) = preSolution
		Debug|Any CPU = Debug|Any CPU
		Release|Any CPU = Release|Any CPU
	EndGlobalSection
	GlobalSection(ProjectConfigurationPlatforms) = postSolution
		{367DD2E0-34E9-420E-A566-89103E349A02}.Debug|Any CPU.ActiveCfg = Debug|Any CPU
		{367DD2E0-34E9-420E-A566-89103E349A02}.Debug|Any CPU.Build.0 = Debug|Any CPU
		{367DD2E0-34E9-420E-A566-89103E349A02}.Release|Any CPU.ActiveCfg = Release|Any CPU
		{367DD2E0-34E9-420E-A566-89103E349A02}.Release|Any CPU.Build.0 = Release|Any CPU
		{79190E95-79B0-4F7B-85DC-0E73C7A20588}.Debug|Any CPU.ActiveCfg = Debug|Any CPU
		{79190E95-79B0-4F7B-85DC-0E73C7A20588}.Debug|Any CPU.Build.0 = Debug|Any CPU
		{79190E95-79B0-4F7B-85DC-0E73C7A20588}.Debug|Any CPU.Deploy.0 = Debug|Any CPU
		{79190E95-79B0-4F7B-85DC-0E73C7A20588}.Release|Any CPU.ActiveCfg = Release|Any CPU
		{79190E95-79B0-4F7B-85DC-0E73C7A20588}.Release|Any CPU.Build.0 = Release|Any CPU
		{79190E95-79B0-4F7B-85DC-0E73C7A20588}.Release|Any CPU.Deploy.0 = Release|Any CPU
	EndGlobalSection
	GlobalSection(SolutionProperties) = preSolution
		HideSolutionNode = FALSE
	EndGlobalSection
EndGlobal
